
Microsoft Visual Studio Solution File, Format Version 12.00
# Visual Studio Version 17
VisualStudioVersion = 17.14.36616.10
MinimumVisualStudioVersion = 10.0.40219.1
Project("{FAE04EC0-301F-11D3-BF4B-00C04F79EFBC}") = "Project.BLL", "Project.BLL\Project.BLL.csproj", "{BD20AF5E-FF19-45F5-8189-F2366422FB9B}"
EndProject
Project("{FAE04EC0-301F-11D3-BF4B-00C04F79EFBC}") = "Project.Configuration", "Project.Configuration\Project.Configuration.csproj", "{0F452A48-E528-4945-B4EB-7B3196435E2B}"
EndProject
Project("{FAE04EC0-301F-11D3-BF4B-00C04F79EFBC}") = "Project.DAL", "Project.DAL\Project.DAL.csproj", "{6FC74B97-BEF2-4506-B86F-DFE1B25D20EB}"
EndProject
Project("{FAE04EC0-301F-11D3-BF4B-00C04F79EFBC}") = "Project.Entities", "Project.Entities\Project.Entities.csproj", "{F0AC1764-ABEB-4E47-B549-346E2014139B}"
EndProject
Project("{FAE04EC0-301F-11D3-BF4B-00C04F79EFBC}") = "Project.WebApi", "Project.WebApi\Project.WebApi.csproj", "{809850C5-5B21-4CF5-B2EE-371EBEAF1FE2}"
EndProject
Global
	GlobalSection(SolutionConfigurationPlatforms) = preSolution
		Debug|Any CPU = Debug|Any CPU
		Release|Any CPU = Release|Any CPU
	EndGlobalSection
	GlobalSection(ProjectConfigurationPlatforms) = postSolution
		{BD20AF5E-FF19-45F5-8189-F2366422FB9B}.Debug|Any CPU.ActiveCfg = Debug|Any CPU
		{BD20AF5E-FF19-45F5-8189-F2366422FB9B}.Debug|Any CPU.Build.0 = Debug|Any CPU
		{BD20AF5E-FF19-45F5-8189-F2366422FB9B}.Release|Any CPU.ActiveCfg = Release|Any CPU
		{BD20AF5E-FF19-45F5-8189-F2366422FB9B}.Release|Any CPU.Build.0 = Release|Any CPU
		{0F452A48-E528-4945-B4EB-7B3196435E2B}.Debug|Any CPU.ActiveCfg = Debug|Any CPU
		{0F452A48-E528-4945-B4EB-7B3196435E2B}.Debug|Any CPU.Build.0 = Debug|Any CPU
		{0F452A48-E528-4945-B4EB-7B3196435E2B}.Release|Any CPU.ActiveCfg = Release|Any CPU
		{0F452A48-E528-4945-B4EB-7B3196435E2B}.Release|Any CPU.Build.0 = Release|Any CPU
		{6FC74B97-BEF2-4506-B86F-DFE1B25D20EB}.Debug|Any CPU.ActiveCfg = Debug|Any CPU
		{6FC74B97-BEF2-4506-B86F-DFE1B25D20EB}.Debug|Any CPU.Build.0 = Debug|Any CPU
		{6FC74B97-BEF2-4506-B86F-DFE1B25D20EB}.Release|Any CPU.ActiveCfg = Release|Any CPU
		{6FC74B97-BEF2-4506-B86F-DFE1B25D20EB}.Release|Any CPU.Build.0 = Release|Any CPU
		{F0AC1764-ABEB-4E47-B549-346E2014139B}.Debug|Any CPU.ActiveCfg = Debug|Any CPU
		{F0AC1764-ABEB-4E47-B549-346E2014139B}.Debug|Any CPU.Build.0 = Debug|Any CPU
		{F0AC1764-ABEB-4E47-B549-346E2014139B}.Release|Any CPU.ActiveCfg = Release|Any CPU
		{F0AC1764-ABEB-4E47-B549-346E2014139B}.Release|Any CPU.Build.0 = Release|Any CPU
		{809850C5-5B21-4CF5-B2EE-371EBEAF1FE2}.Debug|Any CPU.ActiveCfg = Debug|Any CPU
		{809850C5-5B21-4CF5-B2EE-371EBEAF1FE2}.Debug|Any CPU.Build.0 = Debug|Any CPU
		{809850C5-5B21-4CF5-B2EE-371EBEAF1FE2}.Release|Any CPU.ActiveCfg = Release|Any CPU
		{809850C5-5B21-4CF5-B2EE-371EBEAF1FE2}.Release|Any CPU.Build.0 = Release|Any CPU
	EndGlobalSection
	GlobalSection(SolutionProperties) = preSolution
		HideSolutionNode = FALSE
	EndGlobalSection
	GlobalSection(ExtensibilityGlobals) = postSolution
		SolutionGuid = {CFC2B414-D38F-4B47-B357-6B7CCE97F79E}
	EndGlobalSection
EndGlobal
